// !$*UTF8*$!
{
	archiveVersion = 1;
	classes = {
	};
	objectVersion = 46;
	objects = {

/* Begin PBXBuildFile section */
		2BF498D81F0C33C700F72EAA /* UIImageViewExtension.swift in Sources */ = {isa = PBXBuildFile; fileRef = 2BF498D71F0C33C700F72EAA /* UIImageViewExtension.swift */; };
		35C9507D1EF7D791006FA7E6 /* UIImageExtension.swift in Sources */ = {isa = PBXBuildFile; fileRef = 35C9507C1EF7D791006FA7E6 /* UIImageExtension.swift */; };
		35E79C561EFA71F1006E98C9 /* LogoTableViewCell.swift in Sources */ = {isa = PBXBuildFile; fileRef = 35E79C551EFA71F1006E98C9 /* LogoTableViewCell.swift */; };
		35F8943A1F00FFE000862BAC /* UserTableViewCell.swift in Sources */ = {isa = PBXBuildFile; fileRef = 35F894391F00FFE000862BAC /* UserTableViewCell.swift */; };
		3938C2701EDC27C700D69F88 /* AppDelegate.swift in Sources */ = {isa = PBXBuildFile; fileRef = 3938C26F1EDC27C700D69F88 /* AppDelegate.swift */; };
		3938C2721EDC27C700D69F88 /* ViewController.swift in Sources */ = {isa = PBXBuildFile; fileRef = 3938C2711EDC27C700D69F88 /* ViewController.swift */; };
		3938C2751EDC27C700D69F88 /* Main.storyboard in Resources */ = {isa = PBXBuildFile; fileRef = 3938C2731EDC27C700D69F88 /* Main.storyboard */; };
		3938C2771EDC27C700D69F88 /* Assets.xcassets in Resources */ = {isa = PBXBuildFile; fileRef = 3938C2761EDC27C700D69F88 /* Assets.xcassets */; };
		3938C27A1EDC27C700D69F88 /* LaunchScreen.storyboard in Resources */ = {isa = PBXBuildFile; fileRef = 3938C2781EDC27C700D69F88 /* LaunchScreen.storyboard */; };
		519EFB281F1793BC00CC33AE /* LoginViewController.swift in Sources */ = {isa = PBXBuildFile; fileRef = 519EFB271F1793BC00CC33AE /* LoginViewController.swift */; };
		519EFB2A1F1793E600CC33AE /* ManagerGifBackground.swift in Sources */ = {isa = PBXBuildFile; fileRef = 519EFB291F1793E600CC33AE /* ManagerGifBackground.swift */; };
		519EFB2C1F1794B800CC33AE /* StringExtension.swift in Sources */ = {isa = PBXBuildFile; fileRef = 519EFB2B1F1794B800CC33AE /* StringExtension.swift */; };
		519EFB371F17971400CC33AE /* attache.png in Resources */ = {isa = PBXBuildFile; fileRef = 519EFB301F17971400CC33AE /* attache.png */; };
		519EFB381F17971400CC33AE /* giphy.gif in Resources */ = {isa = PBXBuildFile; fileRef = 519EFB311F17971400CC33AE /* giphy.gif */; };
		519EFB391F17971400CC33AE /* Loading-Circle.gif in Resources */ = {isa = PBXBuildFile; fileRef = 519EFB321F17971400CC33AE /* Loading-Circle.gif */; };
		519EFB3A1F17971400CC33AE /* mail-sent.png in Resources */ = {isa = PBXBuildFile; fileRef = 519EFB331F17971400CC33AE /* mail-sent.png */; };
		519EFB3B1F17971400CC33AE /* play-button.png in Resources */ = {isa = PBXBuildFile; fileRef = 519EFB341F17971400CC33AE /* play-button.png */; };
		519EFB3C1F17971400CC33AE /* send.png in Resources */ = {isa = PBXBuildFile; fileRef = 519EFB351F17971400CC33AE /* send.png */; };
		519EFB3D1F17971400CC33AE /* transition.gif in Resources */ = {isa = PBXBuildFile; fileRef = 519EFB361F17971400CC33AE /* transition.gif */; };
		746478FA29F53658399EE02D /* Pods_EmoChat.framework in Frameworks */ = {isa = PBXBuildFile; fileRef = 6DF27242650A9429D2DAFC20 /* Pods_EmoChat.framework */; };
		842E8B6C1EF931C900CA3BF2 /* ConversationsDataSource.swift in Sources */ = {isa = PBXBuildFile; fileRef = 842E8B6B1EF931C900CA3BF2 /* ConversationsDataSource.swift */; };
		842E8B6E1EF9330700CA3BF2 /* DateExtension.swift in Sources */ = {isa = PBXBuildFile; fileRef = 842E8B6D1EF9330700CA3BF2 /* DateExtension.swift */; };
		842E8B701EF9DDB100CA3BF2 /* ArrayExtension.swift in Sources */ = {isa = PBXBuildFile; fileRef = 842E8B6F1EF9DDB100CA3BF2 /* ArrayExtension.swift */; };
		84312F931EE94FB600FAC4D1 /* SearchUsersViewController.swift in Sources */ = {isa = PBXBuildFile; fileRef = 84312F921EE94FB600FAC4D1 /* SearchUsersViewController.swift */; };
		8439F8C61F04FAB1002C63A6 /* ConversationBottomBarView.xib in Resources */ = {isa = PBXBuildFile; fileRef = 8439F8C51F04FAB1002C63A6 /* ConversationBottomBarView.xib */; };
		8439F8C81F04FB62002C63A6 /* ConversationBottomBarView.swift in Sources */ = {isa = PBXBuildFile; fileRef = 8439F8C71F04FB62002C63A6 /* ConversationBottomBarView.swift */; };
		843C58C51F1C0D7F00355ACD /* VideoPlayerViewController.swift in Sources */ = {isa = PBXBuildFile; fileRef = 843C58C41F1C0D7F00355ACD /* VideoPlayerViewController.swift */; };
		84530F371F0C1E8300EBFCEB /* ImageStore.swift in Sources */ = {isa = PBXBuildFile; fileRef = 84530F361F0C1E8300EBFCEB /* ImageStore.swift */; };
		84530F391F0C35DD00EBFCEB /* UserCell.swift in Sources */ = {isa = PBXBuildFile; fileRef = 84530F381F0C35DD00EBFCEB /* UserCell.swift */; };
		847120EC1F1B6A4600C34D62 /* WebView.storyboard in Resources */ = {isa = PBXBuildFile; fileRef = 847120EA1F1B6A4600C34D62 /* WebView.storyboard */; };
		847120EF1F1B6B3C00C34D62 /* WebViewController.swift in Sources */ = {isa = PBXBuildFile; fileRef = 847120EE1F1B6B3C00C34D62 /* WebViewController.swift */; };
		84A3C8D11EF8790F001A9A19 /* ConversationsController.swift in Sources */ = {isa = PBXBuildFile; fileRef = 84A3C8D01EF8790F001A9A19 /* ConversationsController.swift */; };
		84A3C8D51EF89538001A9A19 /* MessageConversationCell.swift in Sources */ = {isa = PBXBuildFile; fileRef = 84A3C8D41EF89538001A9A19 /* MessageConversationCell.swift */; };
		A309F3761EEFED6000DF6449 /* OptionsChangeNumberTableViewController.swift in Sources */ = {isa = PBXBuildFile; fileRef = A309F3751EEFED6000DF6449 /* OptionsChangeNumberTableViewController.swift */; };
		A30FCEF31EFA7F45006A9E08 /* CurrentUser.swift in Sources */ = {isa = PBXBuildFile; fileRef = A30FCEF21EFA7F45006A9E08 /* CurrentUser.swift */; };
		A39232841EEFF58E00E70CD9 /* OptionsChangeUsernameTableViewController.swift in Sources */ = {isa = PBXBuildFile; fileRef = A39232831EEFF58E00E70CD9 /* OptionsChangeUsernameTableViewController.swift */; };
		A39232861EEFF77200E70CD9 /* OptionsChangeEmailTableViewController.swift in Sources */ = {isa = PBXBuildFile; fileRef = A39232851EEFF77200E70CD9 /* OptionsChangeEmailTableViewController.swift */; };
		A39232881EEFFF8F00E70CD9 /* OptionsChangePhotoNameSecondNameTableViewController.swift in Sources */ = {isa = PBXBuildFile; fileRef = A39232871EEFFF8F00E70CD9 /* OptionsChangePhotoNameSecondNameTableViewController.swift */; };
		A3E7E7D11EEFD893006D24BC /* OptionsMainPageTableViewController.swift in Sources */ = {isa = PBXBuildFile; fileRef = A3E7E7D01EEFD893006D24BC /* OptionsMainPageTableViewController.swift */; };
		CC13C5D51EF4092900B38E59 /* ArchiverManager.swift in Sources */ = {isa = PBXBuildFile; fileRef = CC13C5D41EF4092900B38E59 /* ArchiverManager.swift */; };
		CC13C5EB1EF9227F00B38E59 /* SingleConversationViewController.swift in Sources */ = {isa = PBXBuildFile; fileRef = CC13C5EA1EF9227F00B38E59 /* SingleConversationViewController.swift */; };
		CC13C5ED1EF929AF00B38E59 /* SpecialTextView.swift in Sources */ = {isa = PBXBuildFile; fileRef = CC13C5EC1EF929AF00B38E59 /* SpecialTextView.swift */; };
		CC45A7571EE6D40E00FF13AE /* ManagerFirebase.swift in Sources */ = {isa = PBXBuildFile; fileRef = CC45A7561EE6D40E00FF13AE /* ManagerFirebase.swift */; };
		CC8B92B71F1FF53300A82AD5 /* CustomTableViewCell.swift in Sources */ = {isa = PBXBuildFile; fileRef = CC8B92B41F1FF53300A82AD5 /* CustomTableViewCell.swift */; };
		CC8B92B81F1FF53300A82AD5 /* LeftSingleConversationUITableViewCell.swift in Sources */ = {isa = PBXBuildFile; fileRef = CC8B92B51F1FF53300A82AD5 /* LeftSingleConversationUITableViewCell.swift */; };
		CC8B92B91F1FF53300A82AD5 /* RightSingleConversationUITableViewCell.swift in Sources */ = {isa = PBXBuildFile; fileRef = CC8B92B61F1FF53300A82AD5 /* RightSingleConversationUITableViewCell.swift */; };
		CCF540011F0AB64200F50EE6 /* CustomTextView.swift in Sources */ = {isa = PBXBuildFile; fileRef = CCF540001F0AB64200F50EE6 /* CustomTextView.swift */; };
		E70F3DAD1F0507D900617235 /* JSONParser.swift in Sources */ = {isa = PBXBuildFile; fileRef = E70F3D9B1F0507D900617235 /* JSONParser.swift */; };
		E70F3DAE1F0507D900617235 /* RestUIHelper.swift in Sources */ = {isa = PBXBuildFile; fileRef = E70F3D9C1F0507D900617235 /* RestUIHelper.swift */; };
		E70F3DAF1F0507D900617235 /* RestUIStrategy.swift in Sources */ = {isa = PBXBuildFile; fileRef = E70F3D9D1F0507D900617235 /* RestUIStrategy.swift */; };
		E70F3DB01F0507D900617235 /* RestIU500px.swift in Sources */ = {isa = PBXBuildFile; fileRef = E70F3D9F1F0507D900617235 /* RestIU500px.swift */; };
		E70F3DB11F0507D900617235 /* RestUIUrlembed.swift in Sources */ = {isa = PBXBuildFile; fileRef = E70F3DA01F0507D900617235 /* RestUIUrlembed.swift */; };
		E70F3DB21F0507D900617235 /* MessageModel.swift in Sources */ = {isa = PBXBuildFile; fileRef = E70F3DA21F0507D900617235 /* MessageModel.swift */; };
		E70F3DB31F0507D900617235 /* RestUIStrategyProtocol.swift in Sources */ = {isa = PBXBuildFile; fileRef = E70F3DA31F0507D900617235 /* RestUIStrategyProtocol.swift */; };
		E70F3DB41F0507D900617235 /* UrlembedModel.swift in Sources */ = {isa = PBXBuildFile; fileRef = E70F3DA41F0507D900617235 /* UrlembedModel.swift */; };
		E70F3DB61F0507D900617235 /* RestUIInfo2.xib in Resources */ = {isa = PBXBuildFile; fileRef = E70F3DA71F0507D900617235 /* RestUIInfo2.xib */; };
		E70F3DB71F0507D900617235 /* RestUIInfoView.swift in Sources */ = {isa = PBXBuildFile; fileRef = E70F3DA81F0507D900617235 /* RestUIInfoView.swift */; };
		E70F3DC01F0648D500617235 /* RestUISingleConversationController.swift in Sources */ = {isa = PBXBuildFile; fileRef = E70F3DBF1F0648D500617235 /* RestUISingleConversationController.swift */; };
		E7352C261EDED52B0095264E /* Conversation.swift in Sources */ = {isa = PBXBuildFile; fileRef = E7352C211EDED52B0095264E /* Conversation.swift */; };
		E7352C271EDED52B0095264E /* Auxiliary.swift in Sources */ = {isa = PBXBuildFile; fileRef = E7352C231EDED52B0095264E /* Auxiliary.swift */; };
		E7352C281EDED52B0095264E /* Message.swift in Sources */ = {isa = PBXBuildFile; fileRef = E7352C241EDED52B0095264E /* Message.swift */; };
		E7352C291EDED52B0095264E /* User.swift in Sources */ = {isa = PBXBuildFile; fileRef = E7352C251EDED52B0095264E /* User.swift */; };
		E7352C2B1EE0139E0095264E /* ModelGenericHelper.swift in Sources */ = {isa = PBXBuildFile; fileRef = E7352C2A1EE0139E0095264E /* ModelGenericHelper.swift */; };
		E7352C381EE81B790095264E /* ControllerHelper.swift in Sources */ = {isa = PBXBuildFile; fileRef = E7352C371EE81B790095264E /* ControllerHelper.swift */; };
		E7352C3A1EE81CB60095264E /* RegexCheckProtocol.swift in Sources */ = {isa = PBXBuildFile; fileRef = E7352C391EE81CB60095264E /* RegexCheckProtocol.swift */; };
		E759F3621F128B640045E626 /* DataForRestUIInfoView.swift in Sources */ = {isa = PBXBuildFile; fileRef = E759F3611F128B640045E626 /* DataForRestUIInfoView.swift */; };
		E7883F381EF1611F00E876CC /* Localize.swift in Sources */ = {isa = PBXBuildFile; fileRef = E7883F371EF1611F00E876CC /* Localize.swift */; };
		E7883F3B1EF1C2DA00E876CC /* Localizable.strings in Resources */ = {isa = PBXBuildFile; fileRef = E7883F3D1EF1C2DA00E876CC /* Localizable.strings */; };
		E7AA99B21F276D5C0037BD2A /* DoubleExtension.swift in Sources */ = {isa = PBXBuildFile; fileRef = E7AA99B11F276D5C0037BD2A /* DoubleExtension.swift */; };
		E7AA99B41F2886500037BD2A /* ConversationMessage.swift in Sources */ = {isa = PBXBuildFile; fileRef = E7AA99B31F2886500037BD2A /* ConversationMessage.swift */; };
		E7B926EF1EF1487B0018F5FF /* CustomTextFieldWithPopOverInfoBox.swift in Sources */ = {isa = PBXBuildFile; fileRef = E7B926E91EF1487B0018F5FF /* CustomTextFieldWithPopOverInfoBox.swift */; };
		E7B926F01EF1487B0018F5FF /* EmoChatUIViewController.swift in Sources */ = {isa = PBXBuildFile; fileRef = E7B926EA1EF1487B0018F5FF /* EmoChatUIViewController.swift */; };
		E7B926F11EF1487B0018F5FF /* PopOverHelper.swift in Sources */ = {isa = PBXBuildFile; fileRef = E7B926EB1EF1487B0018F5FF /* PopOverHelper.swift */; };
		E7B926F21EF1487B0018F5FF /* PopOverVC.xib in Resources */ = {isa = PBXBuildFile; fileRef = E7B926EC1EF1487B0018F5FF /* PopOverVC.xib */; };
		E7B926F31EF1487B0018F5FF /* PopOverViewController.swift in Sources */ = {isa = PBXBuildFile; fileRef = E7B926ED1EF1487B0018F5FF /* PopOverViewController.swift */; };
		E7B926F41EF1487B0018F5FF /* UIColorHelper.swift in Sources */ = {isa = PBXBuildFile; fileRef = E7B926EE1EF1487B0018F5FF /* UIColorHelper.swift */; };
		E7F801961F2739FA002AEC3F /* AudioHelper.swift in Sources */ = {isa = PBXBuildFile; fileRef = E7F801901F2739FA002AEC3F /* AudioHelper.swift */; };
		E7F801971F2739FA002AEC3F /* AudioMessageViewController.swift in Sources */ = {isa = PBXBuildFile; fileRef = E7F801911F2739FA002AEC3F /* AudioMessageViewController.swift */; };
		E7F801981F2739FA002AEC3F /* AudioMessageWaveForm.swift in Sources */ = {isa = PBXBuildFile; fileRef = E7F801921F2739FA002AEC3F /* AudioMessageWaveForm.swift */; };
		E7F8019A1F2739FA002AEC3F /* testAudioMessage.storyboard in Resources */ = {isa = PBXBuildFile; fileRef = E7F801941F2739FA002AEC3F /* testAudioMessage.storyboard */; };
		E7F8019D1F274C67002AEC3F /* AudioMessageControl.swift in Sources */ = {isa = PBXBuildFile; fileRef = E7F8019C1F274C67002AEC3F /* AudioMessageControl.swift */; };
		ED1E2D941EDD75B20058B6A6 /* GoogleService-Info.plist in Resources */ = {isa = PBXBuildFile; fileRef = ED1E2D931EDD75B20058B6A6 /* GoogleService-Info.plist */; };
		F54D21761EE7130600B0B177 /* Regex.swift in Sources */ = {isa = PBXBuildFile; fileRef = F54D21751EE7130600B0B177 /* Regex.swift */; };
		F54D21781EE7149100B0B177 /* AdditionalViewController.swift in Sources */ = {isa = PBXBuildFile; fileRef = F54D21771EE7149000B0B177 /* AdditionalViewController.swift */; };
		F594A2AF1F17CB63007153E0 /* SignUp.storyboard in Resources */ = {isa = PBXBuildFile; fileRef = F594A2B11F17CB63007153E0 /* SignUp.storyboard */; };
		F594A2B21F17CB69007153E0 /* Options.storyboard in Resources */ = {isa = PBXBuildFile; fileRef = F594A2B41F17CB69007153E0 /* Options.storyboard */; };
		F594A2B51F17CB70007153E0 /* ChatSettings.storyboard in Resources */ = {isa = PBXBuildFile; fileRef = F594A2B71F17CB70007153E0 /* ChatSettings.storyboard */; };
		F594A2B81F17CB76007153E0 /* SingleConversation.storyboard in Resources */ = {isa = PBXBuildFile; fileRef = F594A2BA1F17CB76007153E0 /* SingleConversation.storyboard */; };
		F594A2BB1F17CB7B007153E0 /* Confirmation.storyboard in Resources */ = {isa = PBXBuildFile; fileRef = F594A2BD1F17CB7B007153E0 /* Confirmation.storyboard */; };
		F594A2BE1F17CB84007153E0 /* Conversations.storyboard in Resources */ = {isa = PBXBuildFile; fileRef = F594A2C01F17CB84007153E0 /* Conversations.storyboard */; };
		F594A2C11F17CB8C007153E0 /* Login.storyboard in Resources */ = {isa = PBXBuildFile; fileRef = F594A2C31F17CB8C007153E0 /* Login.storyboard */; };
		F594A2C41F17CB90007153E0 /* SearchUsers.storyboard in Resources */ = {isa = PBXBuildFile; fileRef = F594A2C61F17CB90007153E0 /* SearchUsers.storyboard */; };
		F594A2C71F17CB95007153E0 /* UserInfo.storyboard in Resources */ = {isa = PBXBuildFile; fileRef = F594A2C91F17CB95007153E0 /* UserInfo.storyboard */; };
		F5E339401EF6DA5500D224BF /* ChatSettingsTableViewController.swift in Sources */ = {isa = PBXBuildFile; fileRef = F5E3393F1EF6DA5500D224BF /* ChatSettingsTableViewController.swift */; };
		FB4317731EE6C24400770338 /* SignUpFirstViewController.swift in Sources */ = {isa = PBXBuildFile; fileRef = FB4317721EE6C24400770338 /* SignUpFirstViewController.swift */; };
		FBAC19811EF13E1A0027AF9D /* ConfirmationViewController.swift in Sources */ = {isa = PBXBuildFile; fileRef = FBAC19801EF13E1A0027AF9D /* ConfirmationViewController.swift */; };
		FBF7A9CA1EF012E600ABADF5 /* SignUpChooseYourPhotoViewController.swift in Sources */ = {isa = PBXBuildFile; fileRef = FBF7A9C91EF012E600ABADF5 /* SignUpChooseYourPhotoViewController.swift */; };
/* End PBXBuildFile section */

/* Begin PBXFileReference section */
		2BF498D71F0C33C700F72EAA /* UIImageViewExtension.swift */ = {isa = PBXFileReference; fileEncoding = 4; lastKnownFileType = sourcecode.swift; path = UIImageViewExtension.swift; sourceTree = "<group>"; };
		35C9507C1EF7D791006FA7E6 /* UIImageExtension.swift */ = {isa = PBXFileReference; fileEncoding = 4; lastKnownFileType = sourcecode.swift; path = UIImageExtension.swift; sourceTree = "<group>"; };
		35E79C551EFA71F1006E98C9 /* LogoTableViewCell.swift */ = {isa = PBXFileReference; fileEncoding = 4; lastKnownFileType = sourcecode.swift; path = LogoTableViewCell.swift; sourceTree = "<group>"; };
		35F894391F00FFE000862BAC /* UserTableViewCell.swift */ = {isa = PBXFileReference; fileEncoding = 4; lastKnownFileType = sourcecode.swift; path = UserTableViewCell.swift; sourceTree = "<group>"; };
		3938C26C1EDC27C700D69F88 /* EmoChat.app */ = {isa = PBXFileReference; explicitFileType = wrapper.application; includeInIndex = 0; path = EmoChat.app; sourceTree = BUILT_PRODUCTS_DIR; };
		3938C26F1EDC27C700D69F88 /* AppDelegate.swift */ = {isa = PBXFileReference; lastKnownFileType = sourcecode.swift; path = AppDelegate.swift; sourceTree = "<group>"; };
		3938C2711EDC27C700D69F88 /* ViewController.swift */ = {isa = PBXFileReference; lastKnownFileType = sourcecode.swift; path = ViewController.swift; sourceTree = "<group>"; };
		3938C2741EDC27C700D69F88 /* Base */ = {isa = PBXFileReference; lastKnownFileType = file.storyboard; name = Base; path = Base.lproj/Main.storyboard; sourceTree = "<group>"; };
		3938C2761EDC27C700D69F88 /* Assets.xcassets */ = {isa = PBXFileReference; lastKnownFileType = folder.assetcatalog; path = Assets.xcassets; sourceTree = "<group>"; };
		3938C2791EDC27C700D69F88 /* Base */ = {isa = PBXFileReference; lastKnownFileType = file.storyboard; name = Base; path = Base.lproj/LaunchScreen.storyboard; sourceTree = "<group>"; };
		3938C27B1EDC27C700D69F88 /* Info.plist */ = {isa = PBXFileReference; lastKnownFileType = text.plist.xml; path = Info.plist; sourceTree = "<group>"; };
		519EFB271F1793BC00CC33AE /* LoginViewController.swift */ = {isa = PBXFileReference; fileEncoding = 4; lastKnownFileType = sourcecode.swift; path = LoginViewController.swift; sourceTree = "<group>"; };
		519EFB291F1793E600CC33AE /* ManagerGifBackground.swift */ = {isa = PBXFileReference; fileEncoding = 4; lastKnownFileType = sourcecode.swift; path = ManagerGifBackground.swift; sourceTree = "<group>"; };
		519EFB2B1F1794B800CC33AE /* StringExtension.swift */ = {isa = PBXFileReference; fileEncoding = 4; lastKnownFileType = sourcecode.swift; path = StringExtension.swift; sourceTree = "<group>"; };
		519EFB301F17971400CC33AE /* attache.png */ = {isa = PBXFileReference; lastKnownFileType = image.png; path = attache.png; sourceTree = "<group>"; };
		519EFB311F17971400CC33AE /* giphy.gif */ = {isa = PBXFileReference; lastKnownFileType = image.gif; path = giphy.gif; sourceTree = "<group>"; };
		519EFB321F17971400CC33AE /* Loading-Circle.gif */ = {isa = PBXFileReference; lastKnownFileType = image.gif; path = "Loading-Circle.gif"; sourceTree = "<group>"; };
		519EFB331F17971400CC33AE /* mail-sent.png */ = {isa = PBXFileReference; lastKnownFileType = image.png; path = "mail-sent.png"; sourceTree = "<group>"; };
		519EFB341F17971400CC33AE /* play-button.png */ = {isa = PBXFileReference; lastKnownFileType = image.png; path = "play-button.png"; sourceTree = "<group>"; };
		519EFB351F17971400CC33AE /* send.png */ = {isa = PBXFileReference; lastKnownFileType = image.png; path = send.png; sourceTree = "<group>"; };
		519EFB361F17971400CC33AE /* transition.gif */ = {isa = PBXFileReference; lastKnownFileType = image.gif; path = transition.gif; sourceTree = "<group>"; };
		5E5B970584D3FF3821DB6225 /* Pods-EmoChat.release.xcconfig */ = {isa = PBXFileReference; includeInIndex = 1; lastKnownFileType = text.xcconfig; name = "Pods-EmoChat.release.xcconfig"; path = "Pods/Target Support Files/Pods-EmoChat/Pods-EmoChat.release.xcconfig"; sourceTree = "<group>"; };
		6DF27242650A9429D2DAFC20 /* Pods_EmoChat.framework */ = {isa = PBXFileReference; explicitFileType = wrapper.framework; includeInIndex = 0; path = Pods_EmoChat.framework; sourceTree = BUILT_PRODUCTS_DIR; };
		842E8B6B1EF931C900CA3BF2 /* ConversationsDataSource.swift */ = {isa = PBXFileReference; fileEncoding = 4; lastKnownFileType = sourcecode.swift; path = ConversationsDataSource.swift; sourceTree = "<group>"; };
		842E8B6D1EF9330700CA3BF2 /* DateExtension.swift */ = {isa = PBXFileReference; fileEncoding = 4; lastKnownFileType = sourcecode.swift; path = DateExtension.swift; sourceTree = "<group>"; };
		842E8B6F1EF9DDB100CA3BF2 /* ArrayExtension.swift */ = {isa = PBXFileReference; fileEncoding = 4; lastKnownFileType = sourcecode.swift; path = ArrayExtension.swift; sourceTree = "<group>"; };
		84312F921EE94FB600FAC4D1 /* SearchUsersViewController.swift */ = {isa = PBXFileReference; fileEncoding = 4; lastKnownFileType = sourcecode.swift; path = SearchUsersViewController.swift; sourceTree = "<group>"; };
		8439F8C51F04FAB1002C63A6 /* ConversationBottomBarView.xib */ = {isa = PBXFileReference; fileEncoding = 4; lastKnownFileType = file.xib; path = ConversationBottomBarView.xib; sourceTree = "<group>"; };
		8439F8C71F04FB62002C63A6 /* ConversationBottomBarView.swift */ = {isa = PBXFileReference; fileEncoding = 4; lastKnownFileType = sourcecode.swift; path = ConversationBottomBarView.swift; sourceTree = "<group>"; };
		843C58C41F1C0D7F00355ACD /* VideoPlayerViewController.swift */ = {isa = PBXFileReference; fileEncoding = 4; lastKnownFileType = sourcecode.swift; path = VideoPlayerViewController.swift; sourceTree = "<group>"; };
		84530F361F0C1E8300EBFCEB /* ImageStore.swift */ = {isa = PBXFileReference; fileEncoding = 4; lastKnownFileType = sourcecode.swift; path = ImageStore.swift; sourceTree = "<group>"; };
		84530F381F0C35DD00EBFCEB /* UserCell.swift */ = {isa = PBXFileReference; fileEncoding = 4; lastKnownFileType = sourcecode.swift; path = UserCell.swift; sourceTree = "<group>"; };
		847120EB1F1B6A4600C34D62 /* Base */ = {isa = PBXFileReference; lastKnownFileType = file.storyboard; name = Base; path = Base.lproj/WebView.storyboard; sourceTree = "<group>"; };
		847120EE1F1B6B3C00C34D62 /* WebViewController.swift */ = {isa = PBXFileReference; fileEncoding = 4; lastKnownFileType = sourcecode.swift; path = WebViewController.swift; sourceTree = "<group>"; };
		84A3C8D01EF8790F001A9A19 /* ConversationsController.swift */ = {isa = PBXFileReference; fileEncoding = 4; lastKnownFileType = sourcecode.swift; path = ConversationsController.swift; sourceTree = "<group>"; };
		84A3C8D41EF89538001A9A19 /* MessageConversationCell.swift */ = {isa = PBXFileReference; fileEncoding = 4; lastKnownFileType = sourcecode.swift; path = MessageConversationCell.swift; sourceTree = "<group>"; };
		A309F3751EEFED6000DF6449 /* OptionsChangeNumberTableViewController.swift */ = {isa = PBXFileReference; fileEncoding = 4; lastKnownFileType = sourcecode.swift; name = OptionsChangeNumberTableViewController.swift; path = EmoChat/Controller/OptionsController/OptionsChangeNumberTableViewController.swift; sourceTree = SOURCE_ROOT; };
		A30FCEF21EFA7F45006A9E08 /* CurrentUser.swift */ = {isa = PBXFileReference; fileEncoding = 4; lastKnownFileType = sourcecode.swift; name = CurrentUser.swift; path = EmoChat/Model/CurrentUser.swift; sourceTree = SOURCE_ROOT; };
		A39232831EEFF58E00E70CD9 /* OptionsChangeUsernameTableViewController.swift */ = {isa = PBXFileReference; fileEncoding = 4; lastKnownFileType = sourcecode.swift; name = OptionsChangeUsernameTableViewController.swift; path = OptionsController/OptionsChangeUsernameTableViewController.swift; sourceTree = "<group>"; };
		A39232851EEFF77200E70CD9 /* OptionsChangeEmailTableViewController.swift */ = {isa = PBXFileReference; fileEncoding = 4; lastKnownFileType = sourcecode.swift; name = OptionsChangeEmailTableViewController.swift; path = OptionsController/OptionsChangeEmailTableViewController.swift; sourceTree = "<group>"; };
		A39232871EEFFF8F00E70CD9 /* OptionsChangePhotoNameSecondNameTableViewController.swift */ = {isa = PBXFileReference; fileEncoding = 4; lastKnownFileType = sourcecode.swift; name = OptionsChangePhotoNameSecondNameTableViewController.swift; path = OptionsController/OptionsChangePhotoNameSecondNameTableViewController.swift; sourceTree = "<group>"; };
		A3E7E7D01EEFD893006D24BC /* OptionsMainPageTableViewController.swift */ = {isa = PBXFileReference; fileEncoding = 4; lastKnownFileType = sourcecode.swift; name = OptionsMainPageTableViewController.swift; path = OptionsController/OptionsMainPageTableViewController.swift; sourceTree = "<group>"; };
		CC13C5D41EF4092900B38E59 /* ArchiverManager.swift */ = {isa = PBXFileReference; fileEncoding = 4; lastKnownFileType = sourcecode.swift; path = ArchiverManager.swift; sourceTree = "<group>"; };
		CC13C5EA1EF9227F00B38E59 /* SingleConversationViewController.swift */ = {isa = PBXFileReference; fileEncoding = 4; lastKnownFileType = sourcecode.swift; path = SingleConversationViewController.swift; sourceTree = "<group>"; };
		CC13C5EC1EF929AF00B38E59 /* SpecialTextView.swift */ = {isa = PBXFileReference; fileEncoding = 4; lastKnownFileType = sourcecode.swift; path = SpecialTextView.swift; sourceTree = "<group>"; };
		CC45A7561EE6D40E00FF13AE /* ManagerFirebase.swift */ = {isa = PBXFileReference; fileEncoding = 4; lastKnownFileType = sourcecode.swift; path = ManagerFirebase.swift; sourceTree = "<group>"; };
		CC8B92B41F1FF53300A82AD5 /* CustomTableViewCell.swift */ = {isa = PBXFileReference; fileEncoding = 4; lastKnownFileType = sourcecode.swift; path = CustomTableViewCell.swift; sourceTree = "<group>"; };
		CC8B92B51F1FF53300A82AD5 /* LeftSingleConversationUITableViewCell.swift */ = {isa = PBXFileReference; fileEncoding = 4; lastKnownFileType = sourcecode.swift; path = LeftSingleConversationUITableViewCell.swift; sourceTree = "<group>"; };
		CC8B92B61F1FF53300A82AD5 /* RightSingleConversationUITableViewCell.swift */ = {isa = PBXFileReference; fileEncoding = 4; lastKnownFileType = sourcecode.swift; path = RightSingleConversationUITableViewCell.swift; sourceTree = "<group>"; };
		CCF540001F0AB64200F50EE6 /* CustomTextView.swift */ = {isa = PBXFileReference; fileEncoding = 4; lastKnownFileType = sourcecode.swift; path = CustomTextView.swift; sourceTree = "<group>"; };
		E701EB98A17F8F7EB9DF59EA /* Pods-EmoChat.debug.xcconfig */ = {isa = PBXFileReference; includeInIndex = 1; lastKnownFileType = text.xcconfig; name = "Pods-EmoChat.debug.xcconfig"; path = "Pods/Target Support Files/Pods-EmoChat/Pods-EmoChat.debug.xcconfig"; sourceTree = "<group>"; };
		E70F3D9B1F0507D900617235 /* JSONParser.swift */ = {isa = PBXFileReference; fileEncoding = 4; lastKnownFileType = sourcecode.swift; path = JSONParser.swift; sourceTree = "<group>"; };
		E70F3D9C1F0507D900617235 /* RestUIHelper.swift */ = {isa = PBXFileReference; fileEncoding = 4; lastKnownFileType = sourcecode.swift; path = RestUIHelper.swift; sourceTree = "<group>"; };
		E70F3D9D1F0507D900617235 /* RestUIStrategy.swift */ = {isa = PBXFileReference; fileEncoding = 4; lastKnownFileType = sourcecode.swift; path = RestUIStrategy.swift; sourceTree = "<group>"; };
		E70F3D9F1F0507D900617235 /* RestIU500px.swift */ = {isa = PBXFileReference; fileEncoding = 4; lastKnownFileType = sourcecode.swift; path = RestIU500px.swift; sourceTree = "<group>"; };
		E70F3DA01F0507D900617235 /* RestUIUrlembed.swift */ = {isa = PBXFileReference; fileEncoding = 4; lastKnownFileType = sourcecode.swift; path = RestUIUrlembed.swift; sourceTree = "<group>"; };
		E70F3DA21F0507D900617235 /* MessageModel.swift */ = {isa = PBXFileReference; fileEncoding = 4; lastKnownFileType = sourcecode.swift; path = MessageModel.swift; sourceTree = "<group>"; };
		E70F3DA31F0507D900617235 /* RestUIStrategyProtocol.swift */ = {isa = PBXFileReference; fileEncoding = 4; lastKnownFileType = sourcecode.swift; path = RestUIStrategyProtocol.swift; sourceTree = "<group>"; };
		E70F3DA41F0507D900617235 /* UrlembedModel.swift */ = {isa = PBXFileReference; fileEncoding = 4; lastKnownFileType = sourcecode.swift; path = UrlembedModel.swift; sourceTree = "<group>"; };
		E70F3DA71F0507D900617235 /* RestUIInfo2.xib */ = {isa = PBXFileReference; fileEncoding = 4; lastKnownFileType = file.xib; path = RestUIInfo2.xib; sourceTree = "<group>"; };
		E70F3DA81F0507D900617235 /* RestUIInfoView.swift */ = {isa = PBXFileReference; fileEncoding = 4; lastKnownFileType = sourcecode.swift; path = RestUIInfoView.swift; sourceTree = "<group>"; };
		E70F3DBF1F0648D500617235 /* RestUISingleConversationController.swift */ = {isa = PBXFileReference; fileEncoding = 4; lastKnownFileType = sourcecode.swift; path = RestUISingleConversationController.swift; sourceTree = "<group>"; };
		E7352C211EDED52B0095264E /* Conversation.swift */ = {isa = PBXFileReference; fileEncoding = 4; lastKnownFileType = sourcecode.swift; path = Conversation.swift; sourceTree = "<group>"; };
		E7352C231EDED52B0095264E /* Auxiliary.swift */ = {isa = PBXFileReference; fileEncoding = 4; lastKnownFileType = sourcecode.swift; path = Auxiliary.swift; sourceTree = "<group>"; };
		E7352C241EDED52B0095264E /* Message.swift */ = {isa = PBXFileReference; fileEncoding = 4; lastKnownFileType = sourcecode.swift; path = Message.swift; sourceTree = "<group>"; };
		E7352C251EDED52B0095264E /* User.swift */ = {isa = PBXFileReference; fileEncoding = 4; lastKnownFileType = sourcecode.swift; path = User.swift; sourceTree = "<group>"; };
		E7352C2A1EE0139E0095264E /* ModelGenericHelper.swift */ = {isa = PBXFileReference; fileEncoding = 4; lastKnownFileType = sourcecode.swift; path = ModelGenericHelper.swift; sourceTree = "<group>"; };
		E7352C371EE81B790095264E /* ControllerHelper.swift */ = {isa = PBXFileReference; fileEncoding = 4; lastKnownFileType = sourcecode.swift; path = ControllerHelper.swift; sourceTree = "<group>"; };
		E7352C391EE81CB60095264E /* RegexCheckProtocol.swift */ = {isa = PBXFileReference; fileEncoding = 4; lastKnownFileType = sourcecode.swift; path = RegexCheckProtocol.swift; sourceTree = "<group>"; };
		E759F3611F128B640045E626 /* DataForRestUIInfoView.swift */ = {isa = PBXFileReference; fileEncoding = 4; lastKnownFileType = sourcecode.swift; path = DataForRestUIInfoView.swift; sourceTree = "<group>"; };
		E7883F371EF1611F00E876CC /* Localize.swift */ = {isa = PBXFileReference; fileEncoding = 4; lastKnownFileType = sourcecode.swift; path = Localize.swift; sourceTree = "<group>"; };
		E7883F3C1EF1C2DA00E876CC /* Base */ = {isa = PBXFileReference; lastKnownFileType = text.plist.strings; name = Base; path = Base.lproj/Localizable.strings; sourceTree = "<group>"; };
		E7AA99B11F276D5C0037BD2A /* DoubleExtension.swift */ = {isa = PBXFileReference; fileEncoding = 4; lastKnownFileType = sourcecode.swift; path = DoubleExtension.swift; sourceTree = "<group>"; };
		E7AA99B31F2886500037BD2A /* ConversationMessage.swift */ = {isa = PBXFileReference; fileEncoding = 4; lastKnownFileType = sourcecode.swift; path = ConversationMessage.swift; sourceTree = "<group>"; };
		E7B926E91EF1487B0018F5FF /* CustomTextFieldWithPopOverInfoBox.swift */ = {isa = PBXFileReference; fileEncoding = 4; lastKnownFileType = sourcecode.swift; path = CustomTextFieldWithPopOverInfoBox.swift; sourceTree = "<group>"; };
		E7B926EA1EF1487B0018F5FF /* EmoChatUIViewController.swift */ = {isa = PBXFileReference; fileEncoding = 4; lastKnownFileType = sourcecode.swift; path = EmoChatUIViewController.swift; sourceTree = "<group>"; };
		E7B926EB1EF1487B0018F5FF /* PopOverHelper.swift */ = {isa = PBXFileReference; fileEncoding = 4; lastKnownFileType = sourcecode.swift; path = PopOverHelper.swift; sourceTree = "<group>"; };
		E7B926EC1EF1487B0018F5FF /* PopOverVC.xib */ = {isa = PBXFileReference; fileEncoding = 4; lastKnownFileType = file.xib; path = PopOverVC.xib; sourceTree = "<group>"; };
		E7B926ED1EF1487B0018F5FF /* PopOverViewController.swift */ = {isa = PBXFileReference; fileEncoding = 4; lastKnownFileType = sourcecode.swift; path = PopOverViewController.swift; sourceTree = "<group>"; };
		E7B926EE1EF1487B0018F5FF /* UIColorHelper.swift */ = {isa = PBXFileReference; fileEncoding = 4; lastKnownFileType = sourcecode.swift; path = UIColorHelper.swift; sourceTree = "<group>"; };
		E7F801901F2739FA002AEC3F /* AudioHelper.swift */ = {isa = PBXFileReference; fileEncoding = 4; lastKnownFileType = sourcecode.swift; path = AudioHelper.swift; sourceTree = "<group>"; };
		E7F801911F2739FA002AEC3F /* AudioMessageViewController.swift */ = {isa = PBXFileReference; fileEncoding = 4; lastKnownFileType = sourcecode.swift; path = AudioMessageViewController.swift; sourceTree = "<group>"; };
		E7F801921F2739FA002AEC3F /* AudioMessageWaveForm.swift */ = {isa = PBXFileReference; fileEncoding = 4; lastKnownFileType = sourcecode.swift; path = AudioMessageWaveForm.swift; sourceTree = "<group>"; };
		E7F801941F2739FA002AEC3F /* testAudioMessage.storyboard */ = {isa = PBXFileReference; fileEncoding = 4; lastKnownFileType = file.storyboard; path = testAudioMessage.storyboard; sourceTree = "<group>"; };
		E7F8019C1F274C67002AEC3F /* AudioMessageControl.swift */ = {isa = PBXFileReference; fileEncoding = 4; lastKnownFileType = sourcecode.swift; path = AudioMessageControl.swift; sourceTree = "<group>"; };
		ED1E2D931EDD75B20058B6A6 /* GoogleService-Info.plist */ = {isa = PBXFileReference; fileEncoding = 4; lastKnownFileType = text.plist.xml; path = "GoogleService-Info.plist"; sourceTree = "<group>"; };
		ED5291B01EE16F24008F8174 /* EmoChat.entitlements */ = {isa = PBXFileReference; lastKnownFileType = text.plist.entitlements; path = EmoChat.entitlements; sourceTree = "<group>"; };
		F54D21751EE7130600B0B177 /* Regex.swift */ = {isa = PBXFileReference; fileEncoding = 4; lastKnownFileType = sourcecode.swift; path = Regex.swift; sourceTree = "<group>"; };
		F54D21771EE7149000B0B177 /* AdditionalViewController.swift */ = {isa = PBXFileReference; fileEncoding = 4; lastKnownFileType = sourcecode.swift; path = AdditionalViewController.swift; sourceTree = "<group>"; };
		F594A2B01F17CB63007153E0 /* Base */ = {isa = PBXFileReference; lastKnownFileType = file.storyboard; name = Base; path = Base.lproj/SignUp.storyboard; sourceTree = "<group>"; };
		F594A2B31F17CB69007153E0 /* Base */ = {isa = PBXFileReference; lastKnownFileType = file.storyboard; name = Base; path = Base.lproj/Options.storyboard; sourceTree = "<group>"; };
		F594A2B61F17CB70007153E0 /* Base */ = {isa = PBXFileReference; lastKnownFileType = file.storyboard; name = Base; path = Base.lproj/ChatSettings.storyboard; sourceTree = "<group>"; };
		F594A2B91F17CB76007153E0 /* Base */ = {isa = PBXFileReference; lastKnownFileType = file.storyboard; name = Base; path = Base.lproj/SingleConversation.storyboard; sourceTree = "<group>"; };
		F594A2BC1F17CB7B007153E0 /* Base */ = {isa = PBXFileReference; lastKnownFileType = file.storyboard; name = Base; path = Base.lproj/Confirmation.storyboard; sourceTree = "<group>"; };
		F594A2BF1F17CB84007153E0 /* Base */ = {isa = PBXFileReference; lastKnownFileType = file.storyboard; name = Base; path = Base.lproj/Conversations.storyboard; sourceTree = "<group>"; };
		F594A2C21F17CB8C007153E0 /* Base */ = {isa = PBXFileReference; lastKnownFileType = file.storyboard; name = Base; path = Base.lproj/Login.storyboard; sourceTree = "<group>"; };
		F594A2C51F17CB90007153E0 /* Base */ = {isa = PBXFileReference; lastKnownFileType = file.storyboard; name = Base; path = Base.lproj/SearchUsers.storyboard; sourceTree = "<group>"; };
		F594A2C81F17CB95007153E0 /* Base */ = {isa = PBXFileReference; lastKnownFileType = file.storyboard; name = Base; path = Base.lproj/UserInfo.storyboard; sourceTree = "<group>"; };
		F594A2CA1F17CBA9007153E0 /* ru */ = {isa = PBXFileReference; lastKnownFileType = text.plist.strings; name = ru; path = ru.lproj/SignUp.strings; sourceTree = "<group>"; };
		F594A2CB1F17CBAA007153E0 /* ru */ = {isa = PBXFileReference; lastKnownFileType = text.plist.strings; name = ru; path = ru.lproj/Options.strings; sourceTree = "<group>"; };
		F594A2CC1F17CBAA007153E0 /* ru */ = {isa = PBXFileReference; lastKnownFileType = text.plist.strings; name = ru; path = ru.lproj/ChatSettings.strings; sourceTree = "<group>"; };
		F594A2CD1F17CBAA007153E0 /* ru */ = {isa = PBXFileReference; lastKnownFileType = text.plist.strings; name = ru; path = ru.lproj/SingleConversation.strings; sourceTree = "<group>"; };
		F594A2CE1F17CBAA007153E0 /* ru */ = {isa = PBXFileReference; lastKnownFileType = text.plist.strings; name = ru; path = ru.lproj/Confirmation.strings; sourceTree = "<group>"; };
		F594A2CF1F17CBAA007153E0 /* ru */ = {isa = PBXFileReference; lastKnownFileType = text.plist.strings; name = ru; path = ru.lproj/Conversations.strings; sourceTree = "<group>"; };
		F594A2D01F17CBAA007153E0 /* ru */ = {isa = PBXFileReference; lastKnownFileType = text.plist.strings; name = ru; path = ru.lproj/Login.strings; sourceTree = "<group>"; };
		F594A2D11F17CBAA007153E0 /* ru */ = {isa = PBXFileReference; lastKnownFileType = text.plist.strings; name = ru; path = ru.lproj/SearchUsers.strings; sourceTree = "<group>"; };
		F594A2D21F17CBAB007153E0 /* ru */ = {isa = PBXFileReference; lastKnownFileType = text.plist.strings; name = ru; path = ru.lproj/UserInfo.strings; sourceTree = "<group>"; };
		F594A2D31F17CBAB007153E0 /* ru */ = {isa = PBXFileReference; lastKnownFileType = text.plist.strings; name = ru; path = ru.lproj/Main.strings; sourceTree = "<group>"; };
		F594A2D41F17CBAB007153E0 /* ru */ = {isa = PBXFileReference; lastKnownFileType = text.plist.strings; name = ru; path = ru.lproj/LaunchScreen.strings; sourceTree = "<group>"; };
		F594A2D51F17CBAB007153E0 /* ru */ = {isa = PBXFileReference; lastKnownFileType = text.plist.strings; name = ru; path = ru.lproj/Localizable.strings; sourceTree = "<group>"; };
		F5E3393F1EF6DA5500D224BF /* ChatSettingsTableViewController.swift */ = {isa = PBXFileReference; fileEncoding = 4; lastKnownFileType = sourcecode.swift; path = ChatSettingsTableViewController.swift; sourceTree = "<group>"; };
		FB4317721EE6C24400770338 /* SignUpFirstViewController.swift */ = {isa = PBXFileReference; fileEncoding = 4; lastKnownFileType = sourcecode.swift; path = SignUpFirstViewController.swift; sourceTree = "<group>"; };
		FBAC19801EF13E1A0027AF9D /* ConfirmationViewController.swift */ = {isa = PBXFileReference; fileEncoding = 4; lastKnownFileType = sourcecode.swift; path = ConfirmationViewController.swift; sourceTree = "<group>"; };
		FBF7A9C91EF012E600ABADF5 /* SignUpChooseYourPhotoViewController.swift */ = {isa = PBXFileReference; fileEncoding = 4; lastKnownFileType = sourcecode.swift; path = SignUpChooseYourPhotoViewController.swift; sourceTree = "<group>"; };
/* End PBXFileReference section */

/* Begin PBXFrameworksBuildPhase section */
		3938C2691EDC27C700D69F88 /* Frameworks */ = {
			isa = PBXFrameworksBuildPhase;
			buildActionMask = 2147483647;
			files = (
				746478FA29F53658399EE02D /* Pods_EmoChat.framework in Frameworks */,
			);
			runOnlyForDeploymentPostprocessing = 0;
		};
/* End PBXFrameworksBuildPhase section */

/* Begin PBXGroup section */
		35C9507B1EF7D733006FA7E6 /* Extensions */ = {
			isa = PBXGroup;
			children = (
				519EFB2B1F1794B800CC33AE /* StringExtension.swift */,
				35C9507C1EF7D791006FA7E6 /* UIImageExtension.swift */,
				842E8B6D1EF9330700CA3BF2 /* DateExtension.swift */,
				842E8B6F1EF9DDB100CA3BF2 /* ArrayExtension.swift */,
				2BF498D71F0C33C700F72EAA /* UIImageViewExtension.swift */,
				E7AA99B11F276D5C0037BD2A /* DoubleExtension.swift */,
			);
			path = Extensions;
			sourceTree = "<group>";
		};
		35E79C541EFA71D7006E98C9 /* Cell */ = {
			isa = PBXGroup;
			children = (
				35E79C551EFA71F1006E98C9 /* LogoTableViewCell.swift */,
				35F894391F00FFE000862BAC /* UserTableViewCell.swift */,
			);
			path = Cell;
			sourceTree = "<group>";
		};
		3938C2631EDC27C700D69F88 = {
			isa = PBXGroup;
			children = (
				3938C26E1EDC27C700D69F88 /* EmoChat */,
				3938C26D1EDC27C700D69F88 /* Products */,
				EDB7F02033953CB545BB1360 /* Pods */,
				3A8C5AD41793988FEA7CBB96 /* Frameworks */,
			);
			sourceTree = "<group>";
		};
		3938C26D1EDC27C700D69F88 /* Products */ = {
			isa = PBXGroup;
			children = (
				3938C26C1EDC27C700D69F88 /* EmoChat.app */,
			);
			name = Products;
			sourceTree = "<group>";
		};
		3938C26E1EDC27C700D69F88 /* EmoChat */ = {
			isa = PBXGroup;
			children = (
				519EFB2F1F17971400CC33AE /* Supporting Files */,
				E7B926E71EF1487B0018F5FF /* Additional */,
				ED5291B01EE16F24008F8174 /* EmoChat.entitlements */,
				FB982DDE1EE156B700AC2FCD /* Controller */,
				FB982DCB1EE1569700AC2FCD /* View */,
				E7352C201EDED52B0095264E /* Model */,
				3938C26F1EDC27C700D69F88 /* AppDelegate.swift */,
				3938C2711EDC27C700D69F88 /* ViewController.swift */,
				3938C2731EDC27C700D69F88 /* Main.storyboard */,
				3938C2761EDC27C700D69F88 /* Assets.xcassets */,
				3938C2781EDC27C700D69F88 /* LaunchScreen.storyboard */,
				3938C27B1EDC27C700D69F88 /* Info.plist */,
				ED1E2D931EDD75B20058B6A6 /* GoogleService-Info.plist */,
				E7883F3D1EF1C2DA00E876CC /* Localizable.strings */,
			);
			path = EmoChat;
			sourceTree = "<group>";
		};
		3A8C5AD41793988FEA7CBB96 /* Frameworks */ = {
			isa = PBXGroup;
			children = (
				6DF27242650A9429D2DAFC20 /* Pods_EmoChat.framework */,
			);
			name = Frameworks;
			sourceTree = "<group>";
		};
		519EFB261F1793BC00CC33AE /* LoginViewController */ = {
			isa = PBXGroup;
			children = (
				519EFB271F1793BC00CC33AE /* LoginViewController.swift */,
			);
			path = LoginViewController;
			sourceTree = "<group>";
		};
		519EFB2F1F17971400CC33AE /* Supporting Files */ = {
			isa = PBXGroup;
			children = (
				519EFB301F17971400CC33AE /* attache.png */,
				519EFB311F17971400CC33AE /* giphy.gif */,
				519EFB321F17971400CC33AE /* Loading-Circle.gif */,
				519EFB331F17971400CC33AE /* mail-sent.png */,
				519EFB341F17971400CC33AE /* play-button.png */,
				519EFB351F17971400CC33AE /* send.png */,
				519EFB361F17971400CC33AE /* transition.gif */,
			);
			path = "Supporting Files";
			sourceTree = "<group>";
		};
		84312F911EE94F9F00FAC4D1 /* SearchUsersController */ = {
			isa = PBXGroup;
			children = (
				84312F941EE9503A00FAC4D1 /* CustomCells */,
				84312F921EE94FB600FAC4D1 /* SearchUsersViewController.swift */,
			);
			path = SearchUsersController;
			sourceTree = "<group>";
		};
		84312F941EE9503A00FAC4D1 /* CustomCells */ = {
			isa = PBXGroup;
			children = (
				84530F381F0C35DD00EBFCEB /* UserCell.swift */,
			);
			path = CustomCells;
			sourceTree = "<group>";
		};
		847120ED1F1B6B1400C34D62 /* WebViewController */ = {
			isa = PBXGroup;
			children = (
				847120EE1F1B6B3C00C34D62 /* WebViewController.swift */,
				843C58C41F1C0D7F00355ACD /* VideoPlayerViewController.swift */,
			);
			path = WebViewController;
			sourceTree = "<group>";
		};
		84A3C8CE1EF878AA001A9A19 /* ConversationsController */ = {
			isa = PBXGroup;
			children = (
				84A3C8CF1EF878AA001A9A19 /* CustomCells */,
				84A3C8D01EF8790F001A9A19 /* ConversationsController.swift */,
				842E8B6B1EF931C900CA3BF2 /* ConversationsDataSource.swift */,
			);
			path = ConversationsController;
			sourceTree = "<group>";
		};
		84A3C8CF1EF878AA001A9A19 /* CustomCells */ = {
			isa = PBXGroup;
			children = (
				84A3C8D41EF89538001A9A19 /* MessageConversationCell.swift */,
			);
			path = CustomCells;
			sourceTree = "<group>";
		};
		A3E7E7CF1EEFD864006D24BC /* OptionsController */ = {
			isa = PBXGroup;
			children = (
				A309F3751EEFED6000DF6449 /* OptionsChangeNumberTableViewController.swift */,
				A3E7E7D01EEFD893006D24BC /* OptionsMainPageTableViewController.swift */,
				A39232831EEFF58E00E70CD9 /* OptionsChangeUsernameTableViewController.swift */,
				A39232851EEFF77200E70CD9 /* OptionsChangeEmailTableViewController.swift */,
				A39232871EEFFF8F00E70CD9 /* OptionsChangePhotoNameSecondNameTableViewController.swift */,
			);
			name = OptionsController;
			sourceTree = "<group>";
		};
		CC13C5E91EF9225600B38E59 /* SingleConversation */ = {
			isa = PBXGroup;
			children = (
				CC8B92B31F1FF53300A82AD5 /* Cells */,
				CC13C5EA1EF9227F00B38E59 /* SingleConversationViewController.swift */,
				E7AA99B31F2886500037BD2A /* ConversationMessage.swift */,
				E70F3DBF1F0648D500617235 /* RestUISingleConversationController.swift */,
				CC13C5EC1EF929AF00B38E59 /* SpecialTextView.swift */,
				CCF540001F0AB64200F50EE6 /* CustomTextView.swift */,
				8439F8C51F04FAB1002C63A6 /* ConversationBottomBarView.xib */,
				8439F8C71F04FB62002C63A6 /* ConversationBottomBarView.swift */,
			);
			path = SingleConversation;
			sourceTree = "<group>";
		};
		CC8B92B31F1FF53300A82AD5 /* Cells */ = {
			isa = PBXGroup;
			children = (
				CC8B92B41F1FF53300A82AD5 /* CustomTableViewCell.swift */,
				CC8B92B51F1FF53300A82AD5 /* LeftSingleConversationUITableViewCell.swift */,
				CC8B92B61F1FF53300A82AD5 /* RightSingleConversationUITableViewCell.swift */,
			);
			path = Cells;
			sourceTree = "<group>";
		};
		E70F3D951F0507D900617235 /* RestUI */ = {
			isa = PBXGroup;
			children = (
				E70F3D9A1F0507D900617235 /* Manager */,
				E70F3DA11F0507D900617235 /* Model */,
				E70F3DA51F0507D900617235 /* View */,
				E70F3D961F0507D900617235 /* Controller */,
			);
			path = RestUI;
			sourceTree = "<group>";
		};
		E70F3D961F0507D900617235 /* Controller */ = {
			isa = PBXGroup;
			children = (
			);
			path = Controller;
			sourceTree = "<group>";
		};
		E70F3D9A1F0507D900617235 /* Manager */ = {
			isa = PBXGroup;
			children = (
				E70F3D9E1F0507D900617235 /* Strategys */,
				E70F3D9B1F0507D900617235 /* JSONParser.swift */,
				E70F3D9C1F0507D900617235 /* RestUIHelper.swift */,
				E70F3D9D1F0507D900617235 /* RestUIStrategy.swift */,
			);
			path = Manager;
			sourceTree = "<group>";
		};
		E70F3D9E1F0507D900617235 /* Strategys */ = {
			isa = PBXGroup;
			children = (
				E70F3D9F1F0507D900617235 /* RestIU500px.swift */,
				E70F3DA01F0507D900617235 /* RestUIUrlembed.swift */,
			);
			path = Strategys;
			sourceTree = "<group>";
		};
		E70F3DA11F0507D900617235 /* Model */ = {
			isa = PBXGroup;
			children = (
				E70F3DA21F0507D900617235 /* MessageModel.swift */,
				E70F3DA31F0507D900617235 /* RestUIStrategyProtocol.swift */,
				E70F3DA41F0507D900617235 /* UrlembedModel.swift */,
				E759F3611F128B640045E626 /* DataForRestUIInfoView.swift */,
			);
			path = Model;
			sourceTree = "<group>";
		};
		E70F3DA51F0507D900617235 /* View */ = {
			isa = PBXGroup;
			children = (
				E70F3DA71F0507D900617235 /* RestUIInfo2.xib */,
				E70F3DA81F0507D900617235 /* RestUIInfoView.swift */,
			);
			path = View;
			sourceTree = "<group>";
		};
		E7352C201EDED52B0095264E /* Model */ = {
			isa = PBXGroup;
			children = (
				84530F361F0C1E8300EBFCEB /* ImageStore.swift */,
				E7352C221EDED52B0095264E /* Helper */,
				E7352C211EDED52B0095264E /* Conversation.swift */,
				519EFB291F1793E600CC33AE /* ManagerGifBackground.swift */,
				A30FCEF21EFA7F45006A9E08 /* CurrentUser.swift */,
				E7352C241EDED52B0095264E /* Message.swift */,
				E7352C251EDED52B0095264E /* User.swift */,
				CC45A7561EE6D40E00FF13AE /* ManagerFirebase.swift */,
			);
			path = Model;
			sourceTree = "<group>";
		};
		E7352C221EDED52B0095264E /* Helper */ = {
			isa = PBXGroup;
			children = (
				CC13C5D41EF4092900B38E59 /* ArchiverManager.swift */,
				E7352C231EDED52B0095264E /* Auxiliary.swift */,
				E7352C2A1EE0139E0095264E /* ModelGenericHelper.swift */,
			);
			path = Helper;
			sourceTree = "<group>";
		};
		E7B926E71EF1487B0018F5FF /* Additional */ = {
			isa = PBXGroup;
			children = (
				E70F3D951F0507D900617235 /* RestUI */,
				E7883F371EF1611F00E876CC /* Localize.swift */,
				E7B926E81EF1487B0018F5FF /* EmoChatTextField */,
			);
			path = Additional;
			sourceTree = "<group>";
		};
		E7B926E81EF1487B0018F5FF /* EmoChatTextField */ = {
			isa = PBXGroup;
			children = (
				E7B926E91EF1487B0018F5FF /* CustomTextFieldWithPopOverInfoBox.swift */,
				E7B926EA1EF1487B0018F5FF /* EmoChatUIViewController.swift */,
				E7B926EB1EF1487B0018F5FF /* PopOverHelper.swift */,
				E7B926EC1EF1487B0018F5FF /* PopOverVC.xib */,
				E7B926ED1EF1487B0018F5FF /* PopOverViewController.swift */,
				E7B926EE1EF1487B0018F5FF /* UIColorHelper.swift */,
			);
			path = EmoChatTextField;
			sourceTree = "<group>";
		};
		E7F8018F1F2739FA002AEC3F /* AudioMessage */ = {
			isa = PBXGroup;
			children = (
				E7F801901F2739FA002AEC3F /* AudioHelper.swift */,
				E7F801911F2739FA002AEC3F /* AudioMessageViewController.swift */,
				E7F8019C1F274C67002AEC3F /* AudioMessageControl.swift */,
				E7F801921F2739FA002AEC3F /* AudioMessageWaveForm.swift */,
				E7F801941F2739FA002AEC3F /* testAudioMessage.storyboard */,
			);
			path = AudioMessage;
			sourceTree = "<group>";
		};
		EDB7F02033953CB545BB1360 /* Pods */ = {
			isa = PBXGroup;
			children = (
				E701EB98A17F8F7EB9DF59EA /* Pods-EmoChat.debug.xcconfig */,
				5E5B970584D3FF3821DB6225 /* Pods-EmoChat.release.xcconfig */,
			);
			name = Pods;
			sourceTree = "<group>";
		};
		F508422D1EF427A600C24EDE /* ChatSettingsTableViewController */ = {
			isa = PBXGroup;
			children = (
				35E79C541EFA71D7006E98C9 /* Cell */,
				F5E3393F1EF6DA5500D224BF /* ChatSettingsTableViewController.swift */,
			);
			path = ChatSettingsTableViewController;
			sourceTree = "<group>";
		};
		FB4317711EE6C21800770338 /* SignUpControllers */ = {
			isa = PBXGroup;
			children = (
				FBF7A9C91EF012E600ABADF5 /* SignUpChooseYourPhotoViewController.swift */,
				FB4317721EE6C24400770338 /* SignUpFirstViewController.swift */,
				F54D21771EE7149000B0B177 /* AdditionalViewController.swift */,
			);
			path = SignUpControllers;
			sourceTree = "<group>";
		};
		FB4317741EE6C2AC00770338 /* Helper */ = {
			isa = PBXGroup;
			children = (
				F54D21751EE7130600B0B177 /* Regex.swift */,
				E7352C391EE81CB60095264E /* RegexCheckProtocol.swift */,
				E7352C371EE81B790095264E /* ControllerHelper.swift */,
			);
			path = Helper;
			sourceTree = "<group>";
		};
		FB982DCB1EE1569700AC2FCD /* View */ = {
			isa = PBXGroup;
			children = (
				847120EA1F1B6A4600C34D62 /* WebView.storyboard */,
				F594A2B11F17CB63007153E0 /* SignUp.storyboard */,
				F594A2B41F17CB69007153E0 /* Options.storyboard */,
				F594A2B71F17CB70007153E0 /* ChatSettings.storyboard */,
				F594A2BA1F17CB76007153E0 /* SingleConversation.storyboard */,
				F594A2BD1F17CB7B007153E0 /* Confirmation.storyboard */,
				F594A2C01F17CB84007153E0 /* Conversations.storyboard */,
				F594A2C31F17CB8C007153E0 /* Login.storyboard */,
				F594A2C61F17CB90007153E0 /* SearchUsers.storyboard */,
				F594A2C91F17CB95007153E0 /* UserInfo.storyboard */,
			);
			path = View;
			sourceTree = "<group>";
		};
		FB982DDE1EE156B700AC2FCD /* Controller */ = {
			isa = PBXGroup;
			children = (
				E7F8018F1F2739FA002AEC3F /* AudioMessage */,
				847120ED1F1B6B1400C34D62 /* WebViewController */,
				519EFB261F1793BC00CC33AE /* LoginViewController */,
				84A3C8CE1EF878AA001A9A19 /* ConversationsController */,
				CC13C5E91EF9225600B38E59 /* SingleConversation */,
				35C9507B1EF7D733006FA7E6 /* Extensions */,
				F508422D1EF427A600C24EDE /* ChatSettingsTableViewController */,
				FBAC197F1EF13E000027AF9D /* ConfirmationController */,
				A3E7E7CF1EEFD864006D24BC /* OptionsController */,
				FB4317741EE6C2AC00770338 /* Helper */,
				FB4317711EE6C21800770338 /* SignUpControllers */,
				84312F911EE94F9F00FAC4D1 /* SearchUsersController */,
			);
			path = Controller;
			sourceTree = "<group>";
		};
		FBAC197F1EF13E000027AF9D /* ConfirmationController */ = {
			isa = PBXGroup;
			children = (
				FBAC19801EF13E1A0027AF9D /* ConfirmationViewController.swift */,
			);
			path = ConfirmationController;
			sourceTree = "<group>";
		};
/* End PBXGroup section */

/* Begin PBXNativeTarget section */
		3938C26B1EDC27C700D69F88 /* EmoChat */ = {
			isa = PBXNativeTarget;
			buildConfigurationList = 3938C27E1EDC27C700D69F88 /* Build configuration list for PBXNativeTarget "EmoChat" */;
			buildPhases = (
				F4C6A2C995C8B24941246DAF /* [CP] Check Pods Manifest.lock */,
				3938C2681EDC27C700D69F88 /* Sources */,
				3938C2691EDC27C700D69F88 /* Frameworks */,
				3938C26A1EDC27C700D69F88 /* Resources */,
				D926E3C9E91EA32A08E977D9 /* [CP] Embed Pods Frameworks */,
				AC9745F52E26DBFD145DACB1 /* [CP] Copy Pods Resources */,
			);
			buildRules = (
			);
			dependencies = (
			);
			name = EmoChat;
			productName = EmoChat;
			productReference = 3938C26C1EDC27C700D69F88 /* EmoChat.app */;
			productType = "com.apple.product-type.application";
		};
/* End PBXNativeTarget section */

/* Begin PBXProject section */
		3938C2641EDC27C700D69F88 /* Project object */ = {
			isa = PBXProject;
			attributes = {
				LastSwiftUpdateCheck = 0830;
				LastUpgradeCheck = 0830;
				ORGANIZATIONNAME = SoftServe;
				TargetAttributes = {
					3938C26B1EDC27C700D69F88 = {
						CreatedOnToolsVersion = 8.3.1;
						DevelopmentTeam = DB3E36CSLR;
						ProvisioningStyle = Automatic;
						SystemCapabilities = {
							com.apple.Push = {
								enabled = 0;
							};
						};
					};
				};
			};
			buildConfigurationList = 3938C2671EDC27C700D69F88 /* Build configuration list for PBXProject "EmoChat" */;
			compatibilityVersion = "Xcode 3.2";
			developmentRegion = English;
			hasScannedForEncodings = 0;
			knownRegions = (
				en,
				Base,
				ru,
			);
			mainGroup = 3938C2631EDC27C700D69F88;
			productRefGroup = 3938C26D1EDC27C700D69F88 /* Products */;
			projectDirPath = "";
			projectRoot = "";
			targets = (
				3938C26B1EDC27C700D69F88 /* EmoChat */,
			);
		};
/* End PBXProject section */

/* Begin PBXResourcesBuildPhase section */
		3938C26A1EDC27C700D69F88 /* Resources */ = {
			isa = PBXResourcesBuildPhase;
			buildActionMask = 2147483647;
			files = (
				519EFB371F17971400CC33AE /* attache.png in Resources */,
				F594A2C11F17CB8C007153E0 /* Login.storyboard in Resources */,
				F594A2C41F17CB90007153E0 /* SearchUsers.storyboard in Resources */,
				519EFB3A1F17971400CC33AE /* mail-sent.png in Resources */,
				519EFB3C1F17971400CC33AE /* send.png in Resources */,
				519EFB3D1F17971400CC33AE /* transition.gif in Resources */,
				E70F3DB61F0507D900617235 /* RestUIInfo2.xib in Resources */,
				3938C27A1EDC27C700D69F88 /* LaunchScreen.storyboard in Resources */,
				F594A2AF1F17CB63007153E0 /* SignUp.storyboard in Resources */,
				8439F8C61F04FAB1002C63A6 /* ConversationBottomBarView.xib in Resources */,
				ED1E2D941EDD75B20058B6A6 /* GoogleService-Info.plist in Resources */,
				F594A2C71F17CB95007153E0 /* UserInfo.storyboard in Resources */,
				519EFB391F17971400CC33AE /* Loading-Circle.gif in Resources */,
				519EFB381F17971400CC33AE /* giphy.gif in Resources */,
				F594A2BE1F17CB84007153E0 /* Conversations.storyboard in Resources */,
				E7B926F21EF1487B0018F5FF /* PopOverVC.xib in Resources */,
				F594A2B81F17CB76007153E0 /* SingleConversation.storyboard in Resources */,
				F594A2B21F17CB69007153E0 /* Options.storyboard in Resources */,
				E7883F3B1EF1C2DA00E876CC /* Localizable.strings in Resources */,
				E7F8019A1F2739FA002AEC3F /* testAudioMessage.storyboard in Resources */,
				3938C2771EDC27C700D69F88 /* Assets.xcassets in Resources */,
				847120EC1F1B6A4600C34D62 /* WebView.storyboard in Resources */,
				F594A2BB1F17CB7B007153E0 /* Confirmation.storyboard in Resources */,
				F594A2B51F17CB70007153E0 /* ChatSettings.storyboard in Resources */,
				519EFB3B1F17971400CC33AE /* play-button.png in Resources */,
				3938C2751EDC27C700D69F88 /* Main.storyboard in Resources */,
			);
			runOnlyForDeploymentPostprocessing = 0;
		};
/* End PBXResourcesBuildPhase section */

/* Begin PBXShellScriptBuildPhase section */
		AC9745F52E26DBFD145DACB1 /* [CP] Copy Pods Resources */ = {
			isa = PBXShellScriptBuildPhase;
			buildActionMask = 2147483647;
			files = (
			);
			inputPaths = (
			);
			name = "[CP] Copy Pods Resources";
			outputPaths = (
			);
			runOnlyForDeploymentPostprocessing = 0;
			shellPath = /bin/sh;
			shellScript = "\"${SRCROOT}/Pods/Target Support Files/Pods-EmoChat/Pods-EmoChat-resources.sh\"\n";
			showEnvVarsInLog = 0;
		};
		D926E3C9E91EA32A08E977D9 /* [CP] Embed Pods Frameworks */ = {
			isa = PBXShellScriptBuildPhase;
			buildActionMask = 2147483647;
			files = (
			);
			inputPaths = (
			);
			name = "[CP] Embed Pods Frameworks";
			outputPaths = (
			);
			runOnlyForDeploymentPostprocessing = 0;
			shellPath = /bin/sh;
			shellScript = "\"${SRCROOT}/Pods/Target Support Files/Pods-EmoChat/Pods-EmoChat-frameworks.sh\"\n";
			showEnvVarsInLog = 0;
		};
		F4C6A2C995C8B24941246DAF /* [CP] Check Pods Manifest.lock */ = {
			isa = PBXShellScriptBuildPhase;
			buildActionMask = 2147483647;
			files = (
			);
			inputPaths = (
			);
			name = "[CP] Check Pods Manifest.lock";
			outputPaths = (
			);
			runOnlyForDeploymentPostprocessing = 0;
			shellPath = /bin/sh;
			shellScript = "diff \"${PODS_PODFILE_DIR_PATH}/Podfile.lock\" \"${PODS_ROOT}/Manifest.lock\" > /dev/null\nif [ $? != 0 ] ; then\n    # print error to STDERR\n    echo \"error: The sandbox is not in sync with the Podfile.lock. Run 'pod install' or update your CocoaPods installation.\" >&2\n    exit 1\nfi\n";
			showEnvVarsInLog = 0;
		};
/* End PBXShellScriptBuildPhase section */

/* Begin PBXSourcesBuildPhase section */
		3938C2681EDC27C700D69F88 /* Sources */ = {
			isa = PBXSourcesBuildPhase;
			buildActionMask = 2147483647;
			files = (
				E7F801961F2739FA002AEC3F /* AudioHelper.swift in Sources */,
				E7352C261EDED52B0095264E /* Conversation.swift in Sources */,
				842E8B6C1EF931C900CA3BF2 /* ConversationsDataSource.swift in Sources */,
				F5E339401EF6DA5500D224BF /* ChatSettingsTableViewController.swift in Sources */,
				84A3C8D11EF8790F001A9A19 /* ConversationsController.swift in Sources */,
				F54D21781EE7149100B0B177 /* AdditionalViewController.swift in Sources */,
				E70F3DAD1F0507D900617235 /* JSONParser.swift in Sources */,
				E70F3DB01F0507D900617235 /* RestIU500px.swift in Sources */,
				E7B926F31EF1487B0018F5FF /* PopOverViewController.swift in Sources */,
				F54D21761EE7130600B0B177 /* Regex.swift in Sources */,
				3938C2721EDC27C700D69F88 /* ViewController.swift in Sources */,
				A39232841EEFF58E00E70CD9 /* OptionsChangeUsernameTableViewController.swift in Sources */,
				A39232861EEFF77200E70CD9 /* OptionsChangeEmailTableViewController.swift in Sources */,
				E7F8019D1F274C67002AEC3F /* AudioMessageControl.swift in Sources */,
				FBAC19811EF13E1A0027AF9D /* ConfirmationViewController.swift in Sources */,
				E7883F381EF1611F00E876CC /* Localize.swift in Sources */,
				CC45A7571EE6D40E00FF13AE /* ManagerFirebase.swift in Sources */,
				E70F3DB41F0507D900617235 /* UrlembedModel.swift in Sources */,
				CC13C5EB1EF9227F00B38E59 /* SingleConversationViewController.swift in Sources */,
				E70F3DC01F0648D500617235 /* RestUISingleConversationController.swift in Sources */,
				E70F3DB71F0507D900617235 /* RestUIInfoView.swift in Sources */,
				CC8B92B91F1FF53300A82AD5 /* RightSingleConversationUITableViewCell.swift in Sources */,
				CC13C5D51EF4092900B38E59 /* ArchiverManager.swift in Sources */,
				E70F3DB21F0507D900617235 /* MessageModel.swift in Sources */,
				2BF498D81F0C33C700F72EAA /* UIImageViewExtension.swift in Sources */,
				519EFB2A1F1793E600CC33AE /* ManagerGifBackground.swift in Sources */,
				E7B926F01EF1487B0018F5FF /* EmoChatUIViewController.swift in Sources */,
				CC8B92B71F1FF53300A82AD5 /* CustomTableViewCell.swift in Sources */,
				CCF540011F0AB64200F50EE6 /* CustomTextView.swift in Sources */,
				E759F3621F128B640045E626 /* DataForRestUIInfoView.swift in Sources */,
				35F8943A1F00FFE000862BAC /* UserTableViewCell.swift in Sources */,
				E7B926F11EF1487B0018F5FF /* PopOverHelper.swift in Sources */,
				E7F801981F2739FA002AEC3F /* AudioMessageWaveForm.swift in Sources */,
				843C58C51F1C0D7F00355ACD /* VideoPlayerViewController.swift in Sources */,
				A3E7E7D11EEFD893006D24BC /* OptionsMainPageTableViewController.swift in Sources */,
				84530F391F0C35DD00EBFCEB /* UserCell.swift in Sources */,
				E7AA99B41F2886500037BD2A /* ConversationMessage.swift in Sources */,
				A309F3761EEFED6000DF6449 /* OptionsChangeNumberTableViewController.swift in Sources */,
				519EFB2C1F1794B800CC33AE /* StringExtension.swift in Sources */,
				E7B926EF1EF1487B0018F5FF /* CustomTextFieldWithPopOverInfoBox.swift in Sources */,
				E7AA99B21F276D5C0037BD2A /* DoubleExtension.swift in Sources */,
				E70F3DB11F0507D900617235 /* RestUIUrlembed.swift in Sources */,
				FBF7A9CA1EF012E600ABADF5 /* SignUpChooseYourPhotoViewController.swift in Sources */,
				84312F931EE94FB600FAC4D1 /* SearchUsersViewController.swift in Sources */,
				E7352C281EDED52B0095264E /* Message.swift in Sources */,
				A39232881EEFFF8F00E70CD9 /* OptionsChangePhotoNameSecondNameTableViewController.swift in Sources */,
				E7352C271EDED52B0095264E /* Auxiliary.swift in Sources */,
				8439F8C81F04FB62002C63A6 /* ConversationBottomBarView.swift in Sources */,
				35C9507D1EF7D791006FA7E6 /* UIImageExtension.swift in Sources */,
				E7352C291EDED52B0095264E /* User.swift in Sources */,
				E70F3DAF1F0507D900617235 /* RestUIStrategy.swift in Sources */,
				E7352C2B1EE0139E0095264E /* ModelGenericHelper.swift in Sources */,
				A30FCEF31EFA7F45006A9E08 /* CurrentUser.swift in Sources */,
				E7F801971F2739FA002AEC3F /* AudioMessageViewController.swift in Sources */,
				847120EF1F1B6B3C00C34D62 /* WebViewController.swift in Sources */,
				FB4317731EE6C24400770338 /* SignUpFirstViewController.swift in Sources */,
				E7352C3A1EE81CB60095264E /* RegexCheckProtocol.swift in Sources */,
				CC13C5ED1EF929AF00B38E59 /* SpecialTextView.swift in Sources */,
				E70F3DAE1F0507D900617235 /* RestUIHelper.swift in Sources */,
				519EFB281F1793BC00CC33AE /* LoginViewController.swift in Sources */,
				84A3C8D51EF89538001A9A19 /* MessageConversationCell.swift in Sources */,
				842E8B701EF9DDB100CA3BF2 /* ArrayExtension.swift in Sources */,
				E70F3DB31F0507D900617235 /* RestUIStrategyProtocol.swift in Sources */,
				3938C2701EDC27C700D69F88 /* AppDelegate.swift in Sources */,
				E7352C381EE81B790095264E /* ControllerHelper.swift in Sources */,
				CC8B92B81F1FF53300A82AD5 /* LeftSingleConversationUITableViewCell.swift in Sources */,
				84530F371F0C1E8300EBFCEB /* ImageStore.swift in Sources */,
				35E79C561EFA71F1006E98C9 /* LogoTableViewCell.swift in Sources */,
				842E8B6E1EF9330700CA3BF2 /* DateExtension.swift in Sources */,
				E7B926F41EF1487B0018F5FF /* UIColorHelper.swift in Sources */,
			);
			runOnlyForDeploymentPostprocessing = 0;
		};
/* End PBXSourcesBuildPhase section */

/* Begin PBXVariantGroup section */
		3938C2731EDC27C700D69F88 /* Main.storyboard */ = {
			isa = PBXVariantGroup;
			children = (
				3938C2741EDC27C700D69F88 /* Base */,
				F594A2D31F17CBAB007153E0 /* ru */,
			);
			name = Main.storyboard;
			sourceTree = "<group>";
		};
		3938C2781EDC27C700D69F88 /* LaunchScreen.storyboard */ = {
			isa = PBXVariantGroup;
			children = (
				3938C2791EDC27C700D69F88 /* Base */,
				F594A2D41F17CBAB007153E0 /* ru */,
			);
			name = LaunchScreen.storyboard;
			sourceTree = "<group>";
		};
		847120EA1F1B6A4600C34D62 /* WebView.storyboard */ = {
			isa = PBXVariantGroup;
			children = (
				847120EB1F1B6A4600C34D62 /* Base */,
			);
			name = WebView.storyboard;
			sourceTree = "<group>";
		};
		E7883F3D1EF1C2DA00E876CC /* Localizable.strings */ = {
			isa = PBXVariantGroup;
			children = (
				E7883F3C1EF1C2DA00E876CC /* Base */,
				F594A2D51F17CBAB007153E0 /* ru */,
			);
			name = Localizable.strings;
			sourceTree = "<group>";
		};
		F594A2B11F17CB63007153E0 /* SignUp.storyboard */ = {
			isa = PBXVariantGroup;
			children = (
				F594A2B01F17CB63007153E0 /* Base */,
				F594A2CA1F17CBA9007153E0 /* ru */,
			);
			name = SignUp.storyboard;
			sourceTree = "<group>";
		};
		F594A2B41F17CB69007153E0 /* Options.storyboard */ = {
			isa = PBXVariantGroup;
			children = (
				F594A2B31F17CB69007153E0 /* Base */,
				F594A2CB1F17CBAA007153E0 /* ru */,
			);
			name = Options.storyboard;
			sourceTree = "<group>";
		};
		F594A2B71F17CB70007153E0 /* ChatSettings.storyboard */ = {
			isa = PBXVariantGroup;
			children = (
				F594A2B61F17CB70007153E0 /* Base */,
				F594A2CC1F17CBAA007153E0 /* ru */,
			);
			name = ChatSettings.storyboard;
			sourceTree = "<group>";
		};
		F594A2BA1F17CB76007153E0 /* SingleConversation.storyboard */ = {
			isa = PBXVariantGroup;
			children = (
				F594A2B91F17CB76007153E0 /* Base */,
				F594A2CD1F17CBAA007153E0 /* ru */,
			);
			name = SingleConversation.storyboard;
			sourceTree = "<group>";
		};
		F594A2BD1F17CB7B007153E0 /* Confirmation.storyboard */ = {
			isa = PBXVariantGroup;
			children = (
				F594A2BC1F17CB7B007153E0 /* Base */,
				F594A2CE1F17CBAA007153E0 /* ru */,
			);
			name = Confirmation.storyboard;
			sourceTree = "<group>";
		};
		F594A2C01F17CB84007153E0 /* Conversations.storyboard */ = {
			isa = PBXVariantGroup;
			children = (
				F594A2BF1F17CB84007153E0 /* Base */,
				F594A2CF1F17CBAA007153E0 /* ru */,
			);
			name = Conversations.storyboard;
			sourceTree = "<group>";
		};
		F594A2C31F17CB8C007153E0 /* Login.storyboard */ = {
			isa = PBXVariantGroup;
			children = (
				F594A2C21F17CB8C007153E0 /* Base */,
				F594A2D01F17CBAA007153E0 /* ru */,
			);
			name = Login.storyboard;
			sourceTree = "<group>";
		};
		F594A2C61F17CB90007153E0 /* SearchUsers.storyboard */ = {
			isa = PBXVariantGroup;
			children = (
				F594A2C51F17CB90007153E0 /* Base */,
				F594A2D11F17CBAA007153E0 /* ru */,
			);
			name = SearchUsers.storyboard;
			sourceTree = "<group>";
		};
		F594A2C91F17CB95007153E0 /* UserInfo.storyboard */ = {
			isa = PBXVariantGroup;
			children = (
				F594A2C81F17CB95007153E0 /* Base */,
				F594A2D21F17CBAB007153E0 /* ru */,
			);
			name = UserInfo.storyboard;
			sourceTree = "<group>";
		};
/* End PBXVariantGroup section */

/* Begin XCBuildConfiguration section */
		3938C27C1EDC27C700D69F88 /* Debug */ = {
			isa = XCBuildConfiguration;
			buildSettings = {
				ALWAYS_SEARCH_USER_PATHS = NO;
				CLANG_ANALYZER_LOCALIZABILITY_NONLOCALIZED = YES;
				CLANG_ANALYZER_NONNULL = YES;
				CLANG_ANALYZER_NUMBER_OBJECT_CONVERSION = YES_AGGRESSIVE;
				CLANG_CXX_LANGUAGE_STANDARD = "gnu++0x";
				CLANG_CXX_LIBRARY = "libc++";
				CLANG_ENABLE_MODULES = YES;
				CLANG_ENABLE_OBJC_ARC = YES;
				CLANG_WARN_BOOL_CONVERSION = YES;
				CLANG_WARN_CONSTANT_CONVERSION = YES;
				CLANG_WARN_DIRECT_OBJC_ISA_USAGE = YES_ERROR;
				CLANG_WARN_DOCUMENTATION_COMMENTS = YES;
				CLANG_WARN_EMPTY_BODY = YES;
				CLANG_WARN_ENUM_CONVERSION = YES;
				CLANG_WARN_INFINITE_RECURSION = YES;
				CLANG_WARN_INT_CONVERSION = YES;
				CLANG_WARN_OBJC_ROOT_CLASS = YES_ERROR;
				CLANG_WARN_SUSPICIOUS_MOVE = YES;
				CLANG_WARN_UNREACHABLE_CODE = YES;
				CLANG_WARN__DUPLICATE_METHOD_MATCH = YES;
				"CODE_SIGN_IDENTITY[sdk=iphoneos*]" = "iPhone Developer";
				COPY_PHASE_STRIP = NO;
				DEBUG_INFORMATION_FORMAT = dwarf;
				ENABLE_STRICT_OBJC_MSGSEND = YES;
				ENABLE_TESTABILITY = YES;
				GCC_C_LANGUAGE_STANDARD = gnu99;
				GCC_DYNAMIC_NO_PIC = NO;
				GCC_NO_COMMON_BLOCKS = YES;
				GCC_OPTIMIZATION_LEVEL = 0;
				GCC_PREPROCESSOR_DEFINITIONS = (
					"DEBUG=1",
					"$(inherited)",
				);
				GCC_WARN_64_TO_32_BIT_CONVERSION = YES;
				GCC_WARN_ABOUT_RETURN_TYPE = YES_ERROR;
				GCC_WARN_UNDECLARED_SELECTOR = YES;
				GCC_WARN_UNINITIALIZED_AUTOS = YES_AGGRESSIVE;
				GCC_WARN_UNUSED_FUNCTION = YES;
				GCC_WARN_UNUSED_VARIABLE = YES;
				IPHONEOS_DEPLOYMENT_TARGET = 10.3;
				MTL_ENABLE_DEBUG_INFO = YES;
				ONLY_ACTIVE_ARCH = YES;
				SDKROOT = iphoneos;
				SWIFT_ACTIVE_COMPILATION_CONDITIONS = DEBUG;
				SWIFT_OPTIMIZATION_LEVEL = "-Onone";
			};
			name = Debug;
		};
		3938C27D1EDC27C700D69F88 /* Release */ = {
			isa = XCBuildConfiguration;
			buildSettings = {
				ALWAYS_SEARCH_USER_PATHS = NO;
				CLANG_ANALYZER_LOCALIZABILITY_NONLOCALIZED = YES;
				CLANG_ANALYZER_NONNULL = YES;
				CLANG_ANALYZER_NUMBER_OBJECT_CONVERSION = YES_AGGRESSIVE;
				CLANG_CXX_LANGUAGE_STANDARD = "gnu++0x";
				CLANG_CXX_LIBRARY = "libc++";
				CLANG_ENABLE_MODULES = YES;
				CLANG_ENABLE_OBJC_ARC = YES;
				CLANG_WARN_BOOL_CONVERSION = YES;
				CLANG_WARN_CONSTANT_CONVERSION = YES;
				CLANG_WARN_DIRECT_OBJC_ISA_USAGE = YES_ERROR;
				CLANG_WARN_DOCUMENTATION_COMMENTS = YES;
				CLANG_WARN_EMPTY_BODY = YES;
				CLANG_WARN_ENUM_CONVERSION = YES;
				CLANG_WARN_INFINITE_RECURSION = YES;
				CLANG_WARN_INT_CONVERSION = YES;
				CLANG_WARN_OBJC_ROOT_CLASS = YES_ERROR;
				CLANG_WARN_SUSPICIOUS_MOVE = YES;
				CLANG_WARN_UNREACHABLE_CODE = YES;
				CLANG_WARN__DUPLICATE_METHOD_MATCH = YES;
				"CODE_SIGN_IDENTITY[sdk=iphoneos*]" = "iPhone Developer";
				COPY_PHASE_STRIP = NO;
				DEBUG_INFORMATION_FORMAT = "dwarf-with-dsym";
				ENABLE_NS_ASSERTIONS = NO;
				ENABLE_STRICT_OBJC_MSGSEND = YES;
				GCC_C_LANGUAGE_STANDARD = gnu99;
				GCC_NO_COMMON_BLOCKS = YES;
				GCC_WARN_64_TO_32_BIT_CONVERSION = YES;
				GCC_WARN_ABOUT_RETURN_TYPE = YES_ERROR;
				GCC_WARN_UNDECLARED_SELECTOR = YES;
				GCC_WARN_UNINITIALIZED_AUTOS = YES_AGGRESSIVE;
				GCC_WARN_UNUSED_FUNCTION = YES;
				GCC_WARN_UNUSED_VARIABLE = YES;
				IPHONEOS_DEPLOYMENT_TARGET = 10.3;
				MTL_ENABLE_DEBUG_INFO = NO;
				SDKROOT = iphoneos;
				SWIFT_OPTIMIZATION_LEVEL = "-Owholemodule";
				VALIDATE_PRODUCT = YES;
			};
			name = Release;
		};
		3938C27F1EDC27C700D69F88 /* Debug */ = {
			isa = XCBuildConfiguration;
			baseConfigurationReference = E701EB98A17F8F7EB9DF59EA /* Pods-EmoChat.debug.xcconfig */;
			buildSettings = {
				ASSETCATALOG_COMPILER_APPICON_NAME = AppIcon;
				"CODE_SIGN_IDENTITY[sdk=iphoneos*]" = "iPhone Developer";
				DEVELOPMENT_TEAM = DB3E36CSLR;
				INFOPLIST_FILE = EmoChat/Info.plist;
				IPHONEOS_DEPLOYMENT_TARGET = 10.0;
				LD_RUNPATH_SEARCH_PATHS = "$(inherited) @executable_path/Frameworks";
				PRODUCT_BUNDLE_IDENTIFIER = com.serve.Emochat;
				PRODUCT_NAME = "$(TARGET_NAME)";
				PROVISIONING_PROFILE_SPECIFIER = "";
				SWIFT_VERSION = 3.0;
			};
			name = Debug;
		};
		3938C2801EDC27C700D69F88 /* Release */ = {
			isa = XCBuildConfiguration;
			baseConfigurationReference = 5E5B970584D3FF3821DB6225 /* Pods-EmoChat.release.xcconfig */;
			buildSettings = {
				ASSETCATALOG_COMPILER_APPICON_NAME = AppIcon;
				"CODE_SIGN_IDENTITY[sdk=iphoneos*]" = "iPhone Developer";
				DEVELOPMENT_TEAM = DB3E36CSLR;
				INFOPLIST_FILE = EmoChat/Info.plist;
				IPHONEOS_DEPLOYMENT_TARGET = 10.0;
				LD_RUNPATH_SEARCH_PATHS = "$(inherited) @executable_path/Frameworks";
				PRODUCT_BUNDLE_IDENTIFIER = com.serve.Emochat;
				PRODUCT_NAME = "$(TARGET_NAME)";
				PROVISIONING_PROFILE_SPECIFIER = "";
				SWIFT_VERSION = 3.0;
			};
			name = Release;
		};
/* End XCBuildConfiguration section */

/* Begin XCConfigurationList section */
		3938C2671EDC27C700D69F88 /* Build configuration list for PBXProject "EmoChat" */ = {
			isa = XCConfigurationList;
			buildConfigurations = (
				3938C27C1EDC27C700D69F88 /* Debug */,
				3938C27D1EDC27C700D69F88 /* Release */,
			);
			defaultConfigurationIsVisible = 0;
			defaultConfigurationName = Release;
		};
		3938C27E1EDC27C700D69F88 /* Build configuration list for PBXNativeTarget "EmoChat" */ = {
			isa = XCConfigurationList;
			buildConfigurations = (
				3938C27F1EDC27C700D69F88 /* Debug */,
				3938C2801EDC27C700D69F88 /* Release */,
			);
			defaultConfigurationIsVisible = 0;
			defaultConfigurationName = Release;
		};
/* End XCConfigurationList section */
	};
	rootObject = 3938C2641EDC27C700D69F88 /* Project object */;
}
